// !$*UTF8*$!
{
	archiveVersion = 1;
	classes = {
	};
	objectVersion = 50;
	objects = {

/* Begin PBXBuildFile section */
		BCB0C88924B3D8EE00172B9E /* AppDelegate.swift in Sources */ = {isa = PBXBuildFile; fileRef = BCB0C88824B3D8EE00172B9E /* AppDelegate.swift */; };
		BCB0C88B24B3D8EE00172B9E /* SceneDelegate.swift in Sources */ = {isa = PBXBuildFile; fileRef = BCB0C88A24B3D8EE00172B9E /* SceneDelegate.swift */; };
		BCB0C88D24B3D8EE00172B9E /* ViewController.swift in Sources */ = {isa = PBXBuildFile; fileRef = BCB0C88C24B3D8EE00172B9E /* ViewController.swift */; };
		BCB0C89024B3D8EE00172B9E /* Main.storyboard in Resources */ = {isa = PBXBuildFile; fileRef = BCB0C88E24B3D8EE00172B9E /* Main.storyboard */; };
		BCB0C89224B3D8F200172B9E /* Assets.xcassets in Resources */ = {isa = PBXBuildFile; fileRef = BCB0C89124B3D8F200172B9E /* Assets.xcassets */; };
		BCB0C89524B3D8F200172B9E /* LaunchScreen.storyboard in Resources */ = {isa = PBXBuildFile; fileRef = BCB0C89324B3D8F200172B9E /* LaunchScreen.storyboard */; };
/* End PBXBuildFile section */

/* Begin PBXFileReference section */
		BCB0C88524B3D8EE00172B9E /* Youtube Build.app */ = {isa = PBXFileReference; explicitFileType = wrapper.application; includeInIndex = 0; path = "Youtube Build.app"; sourceTree = BUILT_PRODUCTS_DIR; };
		BCB0C88824B3D8EE00172B9E /* AppDelegate.swift */ = {isa = PBXFileReference; lastKnownFileType = sourcecode.swift; path = AppDelegate.swift; sourceTree = "<group>"; };
		BCB0C88A24B3D8EE00172B9E /* SceneDelegate.swift */ = {isa = PBXFileReference; lastKnownFileType = sourcecode.swift; path = SceneDelegate.swift; sourceTree = "<group>"; };
		BCB0C88C24B3D8EE00172B9E /* ViewController.swift */ = {isa = PBXFileReference; lastKnownFileType = sourcecode.swift; path = ViewController.swift; sourceTree = "<group>"; };
		BCB0C88F24B3D8EE00172B9E /* Base */ = {isa = PBXFileReference; lastKnownFileType = file.storyboard; name = Base; path = Base.lproj/Main.storyboard; sourceTree = "<group>"; };
		BCB0C89124B3D8F200172B9E /* Assets.xcassets */ = {isa = PBXFileReference; lastKnownFileType = folder.assetcatalog; path = Assets.xcassets; sourceTree = "<group>"; };
		BCB0C89424B3D8F200172B9E /* Base */ = {isa = PBXFileReference; lastKnownFileType = file.storyboard; name = Base; path = Base.lproj/LaunchScreen.storyboard; sourceTree = "<group>"; };
		BCB0C89624B3D8F200172B9E /* Info.plist */ = {isa = PBXFileReference; lastKnownFileType = text.plist.xml; path = Info.plist; sourceTree = "<group>"; };
/* End PBXFileReference section */

/* Begin PBXFrameworksBuildPhase section */
		BCB0C88224B3D8EE00172B9E /* Frameworks */ = {
			isa = PBXFrameworksBuildPhase;
			buildActionMask = 2147483647;
			files = (
			);
			runOnlyForDeploymentPostprocessing = 0;
		};
/* End PBXFrameworksBuildPhase section */

/* Begin PBXGroup section */
		BCB0C87C24B3D8ED00172B9E = {
			isa = PBXGroup;
			children = (
				BCB0C88724B3D8EE00172B9E /* Youtube Build */,
				BCB0C88624B3D8EE00172B9E /* Products */,
			);
			sourceTree = "<group>";
		};
		BCB0C88624B3D8EE00172B9E /* Products */ = {
			isa = PBXGroup;
			children = (
				BCB0C88524B3D8EE00172B9E /* Youtube Build.app */,
			);
			name = Products;
			sourceTree = "<group>";
		};
		BCB0C88724B3D8EE00172B9E /* Youtube Build */ = {
			isa = PBXGroup;
			children = (
				BCB0C88824B3D8EE00172B9E /* AppDelegate.swift */,
				BCB0C88A24B3D8EE00172B9E /* SceneDelegate.swift */,
				BCB0C88C24B3D8EE00172B9E /* ViewController.swift */,
				BCB0C88E24B3D8EE00172B9E /* Main.storyboard */,
				BCB0C89124B3D8F200172B9E /* Assets.xcassets */,
				BCB0C89324B3D8F200172B9E /* LaunchScreen.storyboard */,
				BCB0C89624B3D8F200172B9E /* Info.plist */,
			);
			path = "Youtube Build";
			sourceTree = "<group>";
		};
/* End PBXGroup section */

/* Begin PBXNativeTarget section */
		BCB0C88424B3D8EE00172B9E /* Youtube Build */ = {
			isa = PBXNativeTarget;
			buildConfigurationList = BCB0C89924B3D8F200172B9E /* Build configuration list for PBXNativeTarget "Youtube Build" */;
			buildPhases = (
				BCB0C88124B3D8EE00172B9E /* Sources */,
				BCB0C88224B3D8EE00172B9E /* Frameworks */,
				BCB0C88324B3D8EE00172B9E /* Resources */,
			);
			buildRules = (
			);
			dependencies = (
			);
			name = "Youtube Build";
			productName = "Youtube Build";
			productReference = BCB0C88524B3D8EE00172B9E /* Youtube Build.app */;
			productType = "com.apple.product-type.application";
		};
/* End PBXNativeTarget section */

/* Begin PBXProject section */
		BCB0C87D24B3D8ED00172B9E /* Project object */ = {
			isa = PBXProject;
			attributes = {
				LastSwiftUpdateCheck = 1150;
				LastUpgradeCheck = 1150;
				ORGANIZATIONNAME = Arcie;
				TargetAttributes = {
					BCB0C88424B3D8EE00172B9E = {
						CreatedOnToolsVersion = 11.5;
					};
				};
			};
			buildConfigurationList = BCB0C88024B3D8ED00172B9E /* Build configuration list for PBXProject "Youtube Build" */;
			compatibilityVersion = "Xcode 9.3";
			developmentRegion = en;
			hasScannedForEncodings = 0;
			knownRegions = (
				en,
				Base,
			);
			mainGroup = BCB0C87C24B3D8ED00172B9E;
			productRefGroup = BCB0C88624B3D8EE00172B9E /* Products */;
			projectDirPath = "";
			projectRoot = "";
			targets = (
				BCB0C88424B3D8EE00172B9E /* Youtube Build */,
			);
		};
/* End PBXProject section */

/* Begin PBXResourcesBuildPhase section */
		BCB0C88324B3D8EE00172B9E /* Resources */ = {
			isa = PBXResourcesBuildPhase;
			buildActionMask = 2147483647;
			files = (
				BCB0C89524B3D8F200172B9E /* LaunchScreen.storyboard in Resources */,
				BCB0C89224B3D8F200172B9E /* Assets.xcassets in Resources */,
				BCB0C89024B3D8EE00172B9E /* Main.storyboard in Resources */,
			);
			runOnlyForDeploymentPostprocessing = 0;
		};
/* End PBXResourcesBuildPhase section */

/* Begin PBXSourcesBuildPhase section */
		BCB0C88124B3D8EE00172B9E /* Sources */ = {
			isa = PBXSourcesBuildPhase;
			buildActionMask = 2147483647;
			files = (
				BCB0C88D24B3D8EE00172B9E /* ViewController.swift in Sources */,
				BCB0C88924B3D8EE00172B9E /* AppDelegate.swift in Sources */,
				BCB0C88B24B3D8EE00172B9E /* SceneDelegate.swift in Sources */,
			);
			runOnlyForDeploymentPostprocessing = 0;
		};
/* End PBXSourcesBuildPhase section */

/* Begin PBXVariantGroup section */
		BCB0C88E24B3D8EE00172B9E /* Main.storyboard */ = {
			isa = PBXVariantGroup;
			children = (
				BCB0C88F24B3D8EE00172B9E /* Base */,
			);
			name = Main.storyboard;
			sourceTree = "<group>";
		};
		BCB0C89324B3D8F200172B9E /* LaunchScreen.storyboard */ = {
			isa = PBXVariantGroup;
			children = (
				BCB0C89424B3D8F200172B9E /* Base */,
			);
			name = LaunchScreen.storyboard;
			sourceTree = "<group>";
		};
/* End PBXVariantGroup section */

/* Begin XCBuildConfiguration section */
		BCB0C89724B3D8F200172B9E /* Debug */ = {
			isa = XCBuildConfiguration;
			buildSettings = {
				ALWAYS_SEARCH_USER_PATHS = NO;
				CLANG_ANALYZER_NONNULL = YES;
				CLANG_ANALYZER_NUMBER_OBJECT_CONVERSION = YES_AGGRESSIVE;
				CLANG_CXX_LANGUAGE_STANDARD = "gnu++14";
				CLANG_CXX_LIBRARY = "libc++";
				CLANG_ENABLE_MODULES = YES;
				CLANG_ENABLE_OBJC_ARC = YES;
				CLANG_ENABLE_OBJC_WEAK = YES;
				CLANG_WARN_BLOCK_CAPTURE_AUTORELEASING = YES;
				CLANG_WARN_BOOL_CONVERSION = YES;
				CLANG_WARN_COMMA = YES;
				CLANG_WARN_CONSTANT_CONVERSION = YES;
				CLANG_WARN_DEPRECATED_OBJC_IMPLEMENTATIONS = YES;
				CLANG_WARN_DIRECT_OBJC_ISA_USAGE = YES_ERROR;
				CLANG_WARN_DOCUMENTATION_COMMENTS = YES;
				CLANG_WARN_EMPTY_BODY = YES;
				CLANG_WARN_ENUM_CONVERSION = YES;
				CLANG_WARN_INFINITE_RECURSION = YES;
				CLANG_WARN_INT_CONVERSION = YES;
				CLANG_WARN_NON_LITERAL_NULL_CONVERSION = YES;
				CLANG_WARN_OBJC_IMPLICIT_RETAIN_SELF = YES;
				CLANG_WARN_OBJC_LITERAL_CONVERSION = YES;
				CLANG_WARN_OBJC_ROOT_CLASS = YES_ERROR;
				CLANG_WARN_RANGE_LOOP_ANALYSIS = YES;
				CLANG_WARN_STRICT_PROTOTYPES = YES;
				CLANG_WARN_SUSPICIOUS_MOVE = YES;
				CLANG_WARN_UNGUARDED_AVAILABILITY = YES_AGGRESSIVE;
				CLANG_WARN_UNREACHABLE_CODE = YES;
				CLANG_WARN__DUPLICATE_METHOD_MATCH = YES;
				COPY_PHASE_STRIP = NO;
				DEBUG_INFORMATION_FORMAT = dwarf;
				ENABLE_STRICT_OBJC_MSGSEND = YES;
				ENABLE_TESTABILITY = YES;
				GCC_C_LANGUAGE_STANDARD = gnu11;
				GCC_DYNAMIC_NO_PIC = NO;
				GCC_NO_COMMON_BLOCKS = YES;
				GCC_OPTIMIZATION_LEVEL = 0;
				GCC_PREPROCESSOR_DEFINITIONS = (
					"DEBUG=1",
					"$(inherited)",
				);
				GCC_WARN_64_TO_32_BIT_CONVERSION = YES;
				GCC_WARN_ABOUT_RETURN_TYPE = YES_ERROR;
				GCC_WARN_UNDECLARED_SELECTOR = YES;
				GCC_WARN_UNINITIALIZED_AUTOS = YES_AGGRESSIVE;
				GCC_WARN_UNUSED_FUNCTION = YES;
				GCC_WARN_UNUSED_VARIABLE = YES;
				IPHONEOS_DEPLOYMENT_TARGET = 13.5;
				MTL_ENABLE_DEBUG_INFO = INCLUDE_SOURCE;
				MTL_FAST_MATH = YES;
				ONLY_ACTIVE_ARCH = YES;
				SDKROOT = iphoneos;
				SWIFT_ACTIVE_COMPILATION_CONDITIONS = DEBUG;
				SWIFT_OPTIMIZATION_LEVEL = "-Onone";
			};
			name = Debug;
		};
		BCB0C89824B3D8F200172B9E /* Release */ = {
			isa = XCBuildConfiguration;
			buildSettings = {
				ALWAYS_SEARCH_USER_PATHS = NO;
				CLANG_ANALYZER_NONNULL = YES;
				CLANG_ANALYZER_NUMBER_OBJECT_CONVERSION = YES_AGGRESSIVE;
				CLANG_CXX_LANGUAGE_STANDARD = "gnu++14";
				CLANG_CXX_LIBRARY = "libc++";
				CLANG_ENABLE_MODULES = YES;
				CLANG_ENABLE_OBJC_ARC = YES;
				CLANG_ENABLE_OBJC_WEAK = YES;
				CLANG_WARN_BLOCK_CAPTURE_AUTORELEASING = YES;
				CLANG_WARN_BOOL_CONVERSION = YES;
				CLANG_WARN_COMMA = YES;
				CLANG_WARN_CONSTANT_CONVERSION = YES;
				CLANG_WARN_DEPRECATED_OBJC_IMPLEMENTATIONS = YES;
				CLANG_WARN_DIRECT_OBJC_ISA_USAGE = YES_ERROR;
				CLANG_WARN_DOCUMENTATION_COMMENTS = YES;
				CLANG_WARN_EMPTY_BODY = YES;
				CLANG_WARN_ENUM_CONVERSION = YES;
				CLANG_WARN_INFINITE_RECURSION = YES;
				CLANG_WARN_INT_CONVERSION = YES;
				CLANG_WARN_NON_LITERAL_NULL_CONVERSION = YES;
				CLANG_WARN_OBJC_IMPLICIT_RETAIN_SELF = YES;
				CLANG_WARN_OBJC_LITERAL_CONVERSION = YES;
				CLANG_WARN_OBJC_ROOT_CLASS = YES_ERROR;
				CLANG_WARN_RANGE_LOOP_ANALYSIS = YES;
				CLANG_WARN_STRICT_PROTOTYPES = YES;
				CLANG_WARN_SUSPICIOUS_MOVE = YES;
				CLANG_WARN_UNGUARDED_AVAILABILITY = YES_AGGRESSIVE;
				CLANG_WARN_UNREACHABLE_CODE = YES;
				CLANG_WARN__DUPLICATE_METHOD_MATCH = YES;
				COPY_PHASE_STRIP = NO;
				DEBUG_INFORMATION_FORMAT = "dwarf-with-dsym";
				ENABLE_NS_ASSERTIONS = NO;
				ENABLE_STRICT_OBJC_MSGSEND = YES;
				GCC_C_LANGUAGE_STANDARD = gnu11;
				GCC_NO_COMMON_BLOCKS = YES;
				GCC_WARN_64_TO_32_BIT_CONVERSION = YES;
				GCC_WARN_ABOUT_RETURN_TYPE = YES_ERROR;
				GCC_WARN_UNDECLARED_SELECTOR = YES;
				GCC_WARN_UNINITIALIZED_AUTOS = YES_AGGRESSIVE;
				GCC_WARN_UNUSED_FUNCTION = YES;
				GCC_WARN_UNUSED_VARIABLE = YES;
				IPHONEOS_DEPLOYMENT_TARGET = 13.5;
				MTL_ENABLE_DEBUG_INFO = NO;
				MTL_FAST_MATH = YES;
				SDKROOT = iphoneos;
				SWIFT_COMPILATION_MODE = wholemodule;
				SWIFT_OPTIMIZATION_LEVEL = "-O";
				VALIDATE_PRODUCT = YES;
			};
			name = Release;
		};
		BCB0C89A24B3D8F200172B9E /* Debug */ = {
			isa = XCBuildConfiguration;
			buildSettings = {
				ASSETCATALOG_COMPILER_APPICON_NAME = AppIcon;
				CODE_SIGN_STYLE = Automatic;
				DEVELOPMENT_TEAM = NEFA3TFBM7;
				INFOPLIST_FILE = "Youtube Build/Info.plist";
				LD_RUNPATH_SEARCH_PATHS = (
					"$(inherited)",
					"@executable_path/Frameworks",
				);
				PRODUCT_BUNDLE_IDENTIFIER = "com.arcie.Youtube-Build";
				PRODUCT_NAME = "$(TARGET_NAME)";
				SWIFT_VERSION = 5.0;
				TARGETED_DEVICE_FAMILY = "1,2";
			};
			name = Debug;
		};
		BCB0C89B24B3D8F200172B9E /* Release */ = {
			isa = XCBuildConfiguration;
			buildSettings = {
				ASSETCATALOG_COMPILER_APPICON_NAME = AppIcon;
				CODE_SIGN_STYLE = Automatic;
				DEVELOPMENT_TEAM = NEFA3TFBM7;
				INFOPLIST_FILE = "Youtube Build/Info.plist";
				LD_RUNPATH_SEARCH_PATHS = (
					"$(inherited)",
					"@executable_path/Frameworks",
				);
				PRODUCT_BUNDLE_IDENTIFIER = "com.arcie.Youtube-Build";
				PRODUCT_NAME = "$(TARGET_NAME)";
				SWIFT_VERSION = 5.0;
				TARGETED_DEVICE_FAMILY = "1,2";
			};
			name = Release;
		};
/* End XCBuildConfiguration section */

/* Begin XCConfigurationList section */
		BCB0C88024B3D8ED00172B9E /* Build configuration list for PBXProject "Youtube Build" */ = {
			isa = XCConfigurationList;
			buildConfigurations = (
				BCB0C89724B3D8F200172B9E /* Debug */,
				BCB0C89824B3D8F200172B9E /* Release */,
			);
			defaultConfigurationIsVisible = 0;
			defaultConfigurationName = Release;
		};
		BCB0C89924B3D8F200172B9E /* Build configuration list for PBXNativeTarget "Youtube Build" */ = {
			isa = XCConfigurationList;
			buildConfigurations = (
				BCB0C89A24B3D8F200172B9E /* Debug */,
				BCB0C89B24B3D8F200172B9E /* Release */,
			);
			defaultConfigurationIsVisible = 0;
			defaultConfigurationName = Release;
		};
/* End XCConfigurationList section */
	};
	rootObject = BCB0C87D24B3D8ED00172B9E /* Project object */;
}
